
Microsoft Visual Studio Solution File, Format Version 12.00
# Visual Studio 15
VisualStudioVersion = 15.0.27703.2047
MinimumVisualStudioVersion = 10.0.40219.1
Project("{FAE04EC0-301F-11D3-BF4B-00C04F79EFBC}") = "trimcomments", "trimcomments\trimcomments.csproj", "{ACEB176F-963A-4FA7-A222-87A043BECAB2}"
EndProject
Global
	GlobalSection(SolutionConfigurationPlatforms) = preSolution
		Debug|Any CPU = Debug|Any CPU
		Release|Any CPU = Release|Any CPU
	EndGlobalSection
	GlobalSection(ProjectConfigurationPlatforms) = postSolution
		{ACEB176F-963A-4FA7-A222-87A043BECAB2}.Debug|Any CPU.ActiveCfg = Debug|Any CPU
		{ACEB176F-963A-4FA7-A222-87A043BECAB2}.Debug|Any CPU.Build.0 = Debug|Any CPU
		{ACEB176F-963A-4FA7-A222-87A043BECAB2}.Release|Any CPU.ActiveCfg = Release|Any CPU
		{ACEB176F-963A-4FA7-A222-87A043BECAB2}.Release|Any CPU.Build.0 = Release|Any CPU
	EndGlobalSection
	GlobalSection(SolutionProperties) = preSolution
		HideSolutionNode = FALSE
	EndGlobalSection
	GlobalSection(ExtensibilityGlobals) = postSolution
		SolutionGuid = {61529DFD-3B56-4AEA-833F-053251CD23C4}
	EndGlobalSection
EndGlobal
